<Solution>
  <Folder Name="/bench/">
    <Project Path="bench/Tickwire.Benchmarks/Tickwire.Benchmarks.csproj" />
  </Folder>
  <Folder Name="/src/">
    <Project Path="src/Tickwire.Api/Tickwire.Api.csproj" />
    <Project Path="src/Tickwire.Cli/Tickwire.Cli.csproj" />
    <Project Path="src/Tickwire.Engine/Tickwire.Engine.csproj" />
    <Project Path="src/Tickwire.Fix.Session/Tickwire.Fix.Session.csproj" />
    <Project Path="src/Tickwire.Fix/Tickwire.Fix.csproj" />
    <Project Path="src/Tickwire.LogAnalyzer/Tickwire.LogAnalyzer.csproj" />
    <Project Path="src/Tickwire.MarketData/Tickwire.MarketData.csproj" />
    <Project Path="src/Tickwire.Persistence/Tickwire.Persistence.csproj" />
    <Project Path="src/Tickwire.Pricing/Tickwire.Pricing.csproj" />
    <Project Path="src/Tickwire.Venue/Tickwire.Venue.csproj" />
  </Folder>
  <Folder Name="/tests/">
    <Project Path="tests/Tickwire.Engine.Tests/Tickwire.Engine.Tests.csproj" />
    <Project Path="tests/Tickwire.Fix.Tests/Tickwire.Fix.Tests.csproj" />
    <Project Path="tests/Tickwire.Integration.Tests/Tickwire.Integration.Tests.csproj" />
    <Project Path="tests/Tickwire.LogAnalyzer.Tests/Tickwire.LogAnalyzer.Tests.csproj" />
    <Project Path="tests/Tickwire.MarketData.Tests/Tickwire.MarketData.Tests.csproj" />
    <Project Path="tests/Tickwire.Session.Tests/Tickwire.Session.Tests.csproj" />
  </Folder>
</Solution>
